# This file is automatically @generated by Cargo.
# It is not intended for manual editing.
version = 4

[[package]]
name = "libc"
version = "0.2.185"
source = "registry+https://github.com/rust-lang/crates.io-index"
checksum = "52ff2c0fe9bc6cb6b14a0592c2ff4fa9ceb83eea9db979b0487cd054946a2b8f"

[[package]]
name = "test-programs"
version = "0.0.0"
dependencies = [
 "libc",
 "wasip1",
]

[[package]]
name = "wasip1"
version = "1.0.0"
source = "registry+https://github.com/rust-lang/crates.io-index"
checksum = "b5e26842486624357dbeb8f0381cf1fb42f022291fd787d4a816768fec8cc760"
